lockfileVersion: '9.0'

settings:
  autoInstallPeers: true
  excludeLinksFromLockfile: false

importers:

  .:
    devDependencies:
      dprint:
        specifier: ^0.47.4
        version: 0.47.4

  frontend:
    dependencies:
      react:
        specifier: ^18.3.1
        version: 18.3.1
      react-dom:
        specifier: ^18.3.1
        version: 18.3.1(react@18.3.1)
    devDependencies:
      '@rsbuild/core':
        specifier: ^1.0.18
        version: 1.0.19
      '@rsbuild/plugin-react':
        specifier: ^1.0.5
        version: 1.0.6(@rsbuild/core@1.0.19)
      '@types/react':
        specifier: ^18.3.12
        version: 18.3.12
      '@types/react-dom':
        specifier: ^18.3.1
        version: 18.3.1
      typescript:
        specifier: ^5.6.3
        version: 5.6.3

  server:
    dependencies:
      '@hono/node-server':
        specifier: ^1.13.1
        version: 1.13.1(hono@4.6.3)
      dotenv:
        specifier: ^16.4.5
        version: 16.4.5
      dotenv-expand:
        specifier: ^11.0.6
        version: 11.0.6
      hono:
        specifier: ^4.6.3
        version: 4.6.3
      simple-git:
        specifier: ^3.27.0
        version: 3.27.0
      zod:
        specifier: ^3.23.8
        version: 3.23.8
    devDependencies:
      '@types/node':
        specifier: ^22.7.5
        version: 22.7.5
      typescript:
        specifier: ^5.6.3
        version: 5.6.3

packages:

  '@dprint/darwin-arm64@0.47.4':
    resolution: {integrity: sha512-TZKDhU3YfPwij66sMAnFjyqACwz0jrJoVLV1x00IR7CluWBas2hOBWQd2UhhncF+llnltQ8U0+m7lU7jrBHEew==}
    cpu: [arm64]
    os: [darwin]

  '@dprint/darwin-x64@0.47.4':
    resolution: {integrity: sha512-6C0p8x9lN8Y81OZHQWCFCn7oE7NDFkeARvG1TIgO9EouKWoa9vNUNoxA5DNhDhlFPSejWfxiwLXn0ZKrPEnCHQ==}
    cpu: [x64]
    os: [darwin]

  '@dprint/linux-arm64-glibc@0.47.4':
    resolution: {integrity: sha512-eQk6DCHNKtvZMmpaBKnmJABUx5uKR3gWR+2I7XCCGaIS5VCM4RV2bA7x9gCUAUaLzmvm17rragHnSkzX+672oQ==}
    cpu: [arm64]
    os: [linux]

  '@dprint/linux-arm64-musl@0.47.4':
    resolution: {integrity: sha512-bHnohA+pnU1ybIYNcw28Z761OXt9q149Izo30gwi2GgY6JJR+3h9Nl4NAsvIPzd0kwL1Unz1ZFGcVMp+wI82Fg==}
    cpu: [arm64]
    os: [linux]

  '@dprint/linux-x64-glibc@0.47.4':
    resolution: {integrity: sha512-hmOA/edKJErs0yw8hHubzBjGuYasvWNRvv3y7FBl5Ega9nq7hCfUhupTs/4g0lTWabcdU2xFA8xVJnaT95uOQw==}
    cpu: [x64]
    os: [linux]

  '@dprint/linux-x64-musl@0.47.4':
    resolution: {integrity: sha512-1gBQ7uyMw+Ix8uJd1WmdCXRm53VpIjZsQraPZUr+uOtUitZFMFK+dw1bNFpjxGTalahFDHp3XEnTQxLlw2MD1A==}
    cpu: [x64]
    os: [linux]

  '@dprint/win32-arm64@0.47.4':
    resolution: {integrity: sha512-05UJS2ggH65BmdJGDkSaUF61CJyau65oqSlpPydmu+RKK5/sEUj/b6A0QCpR57fLh0Q3e9CqkwzfYf4qUJ55ew==}
    cpu: [arm64]
    os: [win32]

  '@dprint/win32-x64@0.47.4':
    resolution: {integrity: sha512-aQtujd8xtJ84I90pLCTwAl4SvkAhhQPRfDE5BkZYnK+5iMkigA1eQd7UCqAEUKeCJrO5N41OXaEWgmOhBctvJg==}
    cpu: [x64]
    os: [win32]

  '@hono/node-server@1.13.1':
    resolution: {integrity: sha512-TSxE6cT5RHnawbjnveexVN7H2Dpn1YaLxQrCOLCUwD+hFbqbFsnJBgdWcYtASqtWVjA+Qgi8uqFug39GsHjo5A==}
    engines: {node: '>=18.14.1'}
    peerDependencies:
      hono: ^4

  '@kwsites/file-exists@1.1.1':
    resolution: {integrity: sha512-m9/5YGR18lIwxSFDwfE3oA7bWuq9kdau6ugN4H2rJeyhFQZcG9AgSHkQtSD15a8WvTgfz9aikZMrKPHvbpqFiw==}

  '@kwsites/promise-deferred@1.1.1':
    resolution: {integrity: sha512-GaHYm+c0O9MjZRu0ongGBRbinu8gVAMd2UZjji6jVmqKtZluZnptXGWhz1E8j8D2HJ3f/yMxKAUC0b+57wncIw==}

  '@module-federation/runtime-tools@0.5.1':
    resolution: {integrity: sha512-nfBedkoZ3/SWyO0hnmaxuz0R0iGPSikHZOAZ0N/dVSQaIzlffUo35B5nlC2wgWIc0JdMZfkwkjZRrnuuDIJbzg==}

  '@module-federation/runtime@0.5.1':
    resolution: {integrity: sha512-xgiMUWwGLWDrvZc9JibuEbXIbhXg6z2oUkemogSvQ4LKvrl/n0kbqP1Blk669mXzyWbqtSp6PpvNdwaE1aN5xQ==}

  '@module-federation/sdk@0.5.1':
    resolution: {integrity: sha512-exvchtjNURJJkpqjQ3/opdbfeT2wPKvrbnGnyRkrwW5o3FH1LaST1tkiNviT6OXTexGaVc2DahbdniQHVtQ7pA==}

  '@module-federation/webpack-bundler-runtime@0.5.1':
    resolution: {integrity: sha512-mMhRFH0k2VjwHt3Jol9JkUsmI/4XlrAoBG3E0o7HoyoPYv1UFOWyqAflfANcUPgbYpvqmyLzDcO+3IT36LXnrA==}

  '@rsbuild/core@1.0.19':
    resolution: {integrity: sha512-63DAPvYfRBoUrb51BUPb4Xoqx48MHQ0yLcmnCiqZGpMeKYtTWzD+lyx5va4cr9qvdnIFTAX2BMuYC/j5iSrtTA==}
    engines: {node: '>=16.7.0'}
    hasBin: true

  '@rsbuild/plugin-react@1.0.6':
    resolution: {integrity: sha512-k2VS7nvNm74DlVQROK+w+Ua1j60n3qSnVFva8zjmj6uakLCxxp85aRwfEHzaVP/YdDLffweypROuQPYvTZ57ew==}
    peerDependencies:
      '@rsbuild/core': 1.x

  '@rspack/binding-darwin-arm64@1.0.14':
    resolution: {integrity: sha512-dHvlF6T6ctThGDIdvkSdacroA1xlCxfteuppBj8BX/UxzLPr4xsaEtNilfJmFfd2/J02UQyTQauN/9EBuA+YkA==}
    cpu: [arm64]
    os: [darwin]

  '@rspack/binding-darwin-x64@1.0.14':
    resolution: {integrity: sha512-q4Da1Bn/4xTLhhnOkT+fjP2STsSCfp4z03/J/h8tCVG/UYz56Ud3q1UEOK33c5Fxw1C4GlhEh5yYOlSAdxFQLQ==}
    cpu: [x64]
    os: [darwin]

  '@rspack/binding-linux-arm64-gnu@1.0.14':
    resolution: {integrity: sha512-JogYtL3VQS9wJ3p3FNhDqinm7avrMsdwz4erP7YCjD7idob93GYAE7dPrHUzSNVnCBYXRaHJYZHDQs7lKVcYZw==}
    cpu: [arm64]
    os: [linux]

  '@rspack/binding-linux-arm64-musl@1.0.14':
    resolution: {integrity: sha512-qgybhxI/nnoa8CUz7zKTC0Oh37NZt9uRxsSV7+ZYrfxqbrVCoNVuutPpY724uUHy1M6W34kVEm1uT1N4Ka5cZg==}
    cpu: [arm64]
    os: [linux]

  '@rspack/binding-linux-x64-gnu@1.0.14':
    resolution: {integrity: sha512-5vzaDRw3/sGKo3ax/1cU3/cxqNjajwlt2LU288vXNe1/n8oe/pcDfYcTugpOe/A1DqzadanudJszLpFcKsaFtQ==}
    cpu: [x64]
    os: [linux]

  '@rspack/binding-linux-x64-musl@1.0.14':
    resolution: {integrity: sha512-4U6QD9xVS1eGme52DuJr6Fg/KdcUfJ+iKwH49Up460dZ/fLvGylnVGA+V0mzPlKi8gfy7NwFuYXZdu3Pwi1YYg==}
    cpu: [x64]
    os: [linux]

  '@rspack/binding-win32-arm64-msvc@1.0.14':
    resolution: {integrity: sha512-SjeYw7qqRHYZ5RPClu+ffKZsShQdU3amA1OwC3M0AS6dbfEcji8482St3Y8Z+QSzYRapCEZij9LMM/9ypEhISg==}
    cpu: [arm64]
    os: [win32]

  '@rspack/binding-win32-ia32-msvc@1.0.14':
    resolution: {integrity: sha512-m1gUiVyz3Z3VYIK/Ayo5CVHBjnEeRk9a+KIpKSsq1yhZItnMgjtr4bKabU9vjxalO4UoaSmVzODJI8lJBlnn5Q==}
    cpu: [ia32]
    os: [win32]

  '@rspack/binding-win32-x64-msvc@1.0.14':
    resolution: {integrity: sha512-Gbeg+bayMF9VP9xmlxySL/TC2XrS6/LZM/pqcNOTLHx6LMG/VXCcmKB0rOZo8MzLXEt8D/lQmQ/B6g7pSaAw0g==}
    cpu: [x64]
    os: [win32]

  '@rspack/binding@1.0.14':
    resolution: {integrity: sha512-0wWqFvr9hkF4LgNPgWfkTU0hhkZAMvOytoCs2p+wDX1Up1E/SgJ1U1JAsCxsl1XtUKm7mRvdWHzJmHbza3y89Q==}

  '@rspack/core@1.0.14':
    resolution: {integrity: sha512-xHl23lxJZNjItGc5YuE9alz3yjb56y7EgJmAcBMPHMqgjtUt8rBu4xd/cSUjbr9/lLF9N4hdyoJiPJOFs9LEjw==}
    engines: {node: '>=16.0.0'}
    peerDependencies:
      '@swc/helpers': '>=0.5.1'
    peerDependenciesMeta:
      '@swc/helpers':
        optional: true

  '@rspack/lite-tapable@1.0.1':
    resolution: {integrity: sha512-VynGOEsVw2s8TAlLf/uESfrgfrq2+rcXB1muPJYBWbsm1Oa6r5qVQhjA5ggM6z/coYPrsVMgovl3Ff7Q7OCp1w==}
    engines: {node: '>=16.0.0'}

  '@rspack/plugin-react-refresh@1.0.0':
    resolution: {integrity: sha512-WvXkLewW5G0Mlo5H1b251yDh5FFiH4NDAbYlFpvFjcuXX2AchZRf9zdw57BDE/ADyWsJgA8kixN/zZWBTN3iYA==}
    peerDependencies:
      react-refresh: '>=0.10.0 <1.0.0'
    peerDependenciesMeta:
      react-refresh:
        optional: true

  '@swc/helpers@0.5.13':
    resolution: {integrity: sha512-UoKGxQ3r5kYI9dALKJapMmuK+1zWM/H17Z1+iwnNmzcJRnfFuevZs375TA5rW31pu4BS4NoSy1fRsexDXfWn5w==}

  '@types/node@22.7.5':
    resolution: {integrity: sha512-jML7s2NAzMWc//QSJ1a3prpk78cOPchGvXJsC3C6R6PSMoooztvRVQEz89gmBTBY1SPMaqo5teB4uNHPdetShQ==}

  '@types/prop-types@15.7.13':
    resolution: {integrity: sha512-hCZTSvwbzWGvhqxp/RqVqwU999pBf2vp7hzIjiYOsl8wqOmUxkQ6ddw1cV3l8811+kdUFus/q4d1Y3E3SyEifA==}

  '@types/react-dom@18.3.1':
    resolution: {integrity: sha512-qW1Mfv8taImTthu4KoXgDfLuk4bydU6Q/TkADnDWWHwi4NX4BR+LWfTp2sVmTqRrsHvyDDTelgelxJ+SsejKKQ==}

  '@types/react@18.3.12':
    resolution: {integrity: sha512-D2wOSq/d6Agt28q7rSI3jhU7G6aiuzljDGZ2hTZHIkrTLUI+AF3WMeKkEZ9nN2fkBAlcktT6vcZjDFiIhMYEQw==}

  caniuse-lite@1.0.30001677:
    resolution: {integrity: sha512-fmfjsOlJUpMWu+mAAtZZZHz7UEwsUxIIvu1TJfO1HqFQvB/B+ii0xr9B5HpbZY/mC4XZ8SvjHJqtAY6pDPQEog==}

  core-js@3.38.1:
    resolution: {integrity: sha512-OP35aUorbU3Zvlx7pjsFdu1rGNnD4pgw/CWoYzRY3t2EzoVT7shKHY1dlAy3f41cGIO7ZDPQimhGFTlEYkG/Hw==}

  csstype@3.1.3:
    resolution: {integrity: sha512-M1uQkMl8rQK/szD0LNhtqxIPLpimGm8sOBwU7lLnCpSbTyY3yeU1Vc7l4KT5zT4s/yOxHH5O7tIuuLOCnLADRw==}

  debug@4.3.7:
    resolution: {integrity: sha512-Er2nc/H7RrMXZBFCEim6TCmMk02Z8vLC2Rbi1KEBggpo0fS6l0S1nnapwmIi3yW/+GOJap1Krg4w0Hg80oCqgQ==}
    engines: {node: '>=6.0'}
    peerDependencies:
      supports-color: '*'
    peerDependenciesMeta:
      supports-color:
        optional: true

  dotenv-expand@11.0.6:
    resolution: {integrity: sha512-8NHi73otpWsZGBSZwwknTXS5pqMOrk9+Ssrna8xCaxkzEpU9OTf9R5ArQGVw03//Zmk9MOwLPng9WwndvpAJ5g==}
    engines: {node: '>=12'}

  dotenv@16.4.5:
    resolution: {integrity: sha512-ZmdL2rui+eB2YwhsWzjInR8LldtZHGDoQ1ugH85ppHKwpUHL7j7rN0Ti9NCnGiQbhaZ11FpR+7ao1dNsmduNUg==}
    engines: {node: '>=12'}

  dprint@0.47.4:
    resolution: {integrity: sha512-eyjiV7+aW34tTSTwXe0v6aQtl9zM3UrjAMc3VggcvvvwWBlzHXA4651w1odnY58wja3kxiwnP6ok0kzfOZHmrg==}
    hasBin: true

  error-stack-parser@2.1.4:
    resolution: {integrity: sha512-Sk5V6wVazPhq5MhpO+AUxJn5x7XSXGl1R93Vn7i+zS15KDVxQijejNCrz8340/2bgLBjR9GtEG8ZVKONDjcqGQ==}

  fsevents@2.3.3:
    resolution: {integrity: sha512-5xoDfX+fL7faATnagmWPpbFtwh/R77WmMMqqHGS65C3vvB0YHrgF+B1YmZ3441tMj5n63k0212XNoJwzlhffQw==}
    engines: {node: ^8.16.0 || ^10.6.0 || >=11.0.0}
    os: [darwin]

  hono@4.6.3:
    resolution: {integrity: sha512-0LeEuBNFeSHGqZ9sNVVgZjB1V5fmhkBSB0hZrpqStSMLOWgfLy0dHOvrjbJh0H2khsjet6rbHfWTHY0kpYThKQ==}
    engines: {node: '>=16.9.0'}

  html-entities@2.5.2:
    resolution: {integrity: sha512-K//PSRMQk4FZ78Kyau+mZurHn3FH0Vwr+H36eE0rPbeYkRRi9YxceYPhuN60UwWorxyKHhqoAJl2OFKa4BVtaA==}

  js-tokens@4.0.0:
    resolution: {integrity: sha512-RdJUflcE3cUzKiMqQgsCu06FPu9UdIJO0beYbPhHN4k6apgJtifcoCtT9bcxOpYBtpD2kCM6Sbzg4CausW/PKQ==}

  loose-envify@1.4.0:
    resolution: {integrity: sha512-lyuxPGr/Wfhrlem2CL/UcnUc1zcqKAImBDzukY7Y5F/yQiNdko6+fRLevlw1HgMySw7f611UIY408EtxRSoK3Q==}
    hasBin: true

  ms@2.1.3:
    resolution: {integrity: sha512-6FlzubTLZG3J2a/NVCAleEhjzq5oxgHyaCU9yYXvcLsvoVaHJq/s5xXI6/XXP6tz7R9xAOtHnSO/tXtF3WRTlA==}

  react-dom@18.3.1:
    resolution: {integrity: sha512-5m4nQKp+rZRb09LNH59GM4BxTh9251/ylbKIbpe7TpGxfJ+9kv6BLkLBXIjjspbgbnIBNqlI23tRnTWT0snUIw==}
    peerDependencies:
      react: ^18.3.1

  react-refresh@0.14.2:
    resolution: {integrity: sha512-jCvmsr+1IUSMUyzOkRcvnVbX3ZYC6g9TDrDbFuFmRDq7PD4yaGbLKNQL6k2jnArV8hjYxh7hVhAZB6s9HDGpZA==}
    engines: {node: '>=0.10.0'}

  react@18.3.1:
    resolution: {integrity: sha512-wS+hAgJShR0KhEvPJArfuPVN1+Hz1t0Y6n5jLrGQbkb4urgPE/0Rve+1kMB1v/oWgHgm4WIcV+i7F2pTVj+2iQ==}
    engines: {node: '>=0.10.0'}

  scheduler@0.23.2:
    resolution: {integrity: sha512-UOShsPwz7NrMUqhR6t0hWjFduvOzbtv7toDH1/hIrfRNIDBnnBWd0CwJTGvTpngVlmwGCdP9/Zl/tVrDqcuYzQ==}

  simple-git@3.27.0:
    resolution: {integrity: sha512-ivHoFS9Yi9GY49ogc6/YAi3Fl9ROnF4VyubNylgCkA+RVqLaKWnDSzXOVzya8csELIaWaYNutsEuAhZrtOjozA==}

  stackframe@1.3.4:
    resolution: {integrity: sha512-oeVtt7eWQS+Na6F//S4kJ2K2VbRlS9D43mAlMyVpVWovy9o+jfgH8O9agzANzaiLjclA0oYzUXEM4PurhSUChw==}

  tslib@2.8.1:
    resolution: {integrity: sha512-oJFu94HQb+KVduSUQL7wnpmqnfmLsOA/nAh6b6EH0wCEoK0/mPeXU6c3wKDV83MkOuHPRHtSXKKU99IBazS/2w==}

  typescript@5.6.3:
    resolution: {integrity: sha512-hjcS1mhfuyi4WW8IWtjP7brDrG2cuDZukyrYrSauoXGNgx0S7zceP07adYkJycEr56BOUTNPzbInooiN3fn1qw==}
    engines: {node: '>=14.17'}
    hasBin: true

  undici-types@6.19.8:
    resolution: {integrity: sha512-ve2KP6f/JnbPBFyobGHuerC9g1FYGn/F8n1LWTwNxCEzd6IfqTwUQcNXgEtmmQ6DlRrC1hrSrBnCZPokRrDHjw==}

  zod@3.23.8:
    resolution: {integrity: sha512-XBx9AXhXktjUqnepgTiE5flcKIYWi/rme0Eaj+5Y0lftuGBq+jyRu/md4WnuxqgP1ubdpNCsYEYPxrzVHD8d6g==}

snapshots:

  '@dprint/darwin-arm64@0.47.4':
    optional: true

  '@dprint/darwin-x64@0.47.4':
    optional: true

  '@dprint/linux-arm64-glibc@0.47.4':
    optional: true

  '@dprint/linux-arm64-musl@0.47.4':
    optional: true

  '@dprint/linux-x64-glibc@0.47.4':
    optional: true

  '@dprint/linux-x64-musl@0.47.4':
    optional: true

  '@dprint/win32-arm64@0.47.4':
    optional: true

  '@dprint/win32-x64@0.47.4':
    optional: true

  '@hono/node-server@1.13.1(hono@4.6.3)':
    dependencies:
      hono: 4.6.3

  '@kwsites/file-exists@1.1.1':
    dependencies:
      debug: 4.3.7
    transitivePeerDependencies:
      - supports-color

  '@kwsites/promise-deferred@1.1.1': {}

  '@module-federation/runtime-tools@0.5.1':
    dependencies:
      '@module-federation/runtime': 0.5.1
      '@module-federation/webpack-bundler-runtime': 0.5.1

  '@module-federation/runtime@0.5.1':
    dependencies:
      '@module-federation/sdk': 0.5.1

  '@module-federation/sdk@0.5.1': {}

  '@module-federation/webpack-bundler-runtime@0.5.1':
    dependencies:
      '@module-federation/runtime': 0.5.1
      '@module-federation/sdk': 0.5.1

  '@rsbuild/core@1.0.19':
    dependencies:
      '@rspack/core': 1.0.14(@swc/helpers@0.5.13)
      '@rspack/lite-tapable': 1.0.1
      '@swc/helpers': 0.5.13
      core-js: 3.38.1
    optionalDependencies:
      fsevents: 2.3.3

  '@rsbuild/plugin-react@1.0.6(@rsbuild/core@1.0.19)':
    dependencies:
      '@rsbuild/core': 1.0.19
      '@rspack/plugin-react-refresh': 1.0.0(react-refresh@0.14.2)
      react-refresh: 0.14.2

  '@rspack/binding-darwin-arm64@1.0.14':
    optional: true

  '@rspack/binding-darwin-x64@1.0.14':
    optional: true

  '@rspack/binding-linux-arm64-gnu@1.0.14':
    optional: true

  '@rspack/binding-linux-arm64-musl@1.0.14':
    optional: true

  '@rspack/binding-linux-x64-gnu@1.0.14':
    optional: true

  '@rspack/binding-linux-x64-musl@1.0.14':
    optional: true

  '@rspack/binding-win32-arm64-msvc@1.0.14':
    optional: true

  '@rspack/binding-win32-ia32-msvc@1.0.14':
    optional: true

  '@rspack/binding-win32-x64-msvc@1.0.14':
    optional: true

  '@rspack/binding@1.0.14':
    optionalDependencies:
      '@rspack/binding-darwin-arm64': 1.0.14
      '@rspack/binding-darwin-x64': 1.0.14
      '@rspack/binding-linux-arm64-gnu': 1.0.14
      '@rspack/binding-linux-arm64-musl': 1.0.14
      '@rspack/binding-linux-x64-gnu': 1.0.14
      '@rspack/binding-linux-x64-musl': 1.0.14
      '@rspack/binding-win32-arm64-msvc': 1.0.14
      '@rspack/binding-win32-ia32-msvc': 1.0.14
      '@rspack/binding-win32-x64-msvc': 1.0.14

  '@rspack/core@1.0.14(@swc/helpers@0.5.13)':
    dependencies:
      '@module-federation/runtime-tools': 0.5.1
      '@rspack/binding': 1.0.14
      '@rspack/lite-tapable': 1.0.1
      caniuse-lite: 1.0.30001677
    optionalDependencies:
      '@swc/helpers': 0.5.13

  '@rspack/lite-tapable@1.0.1': {}

  '@rspack/plugin-react-refresh@1.0.0(react-refresh@0.14.2)':
    dependencies:
      error-stack-parser: 2.1.4
      html-entities: 2.5.2
    optionalDependencies:
      react-refresh: 0.14.2

  '@swc/helpers@0.5.13':
    dependencies:
      tslib: 2.8.1

  '@types/node@22.7.5':
    dependencies:
      undici-types: 6.19.8

  '@types/prop-types@15.7.13': {}

  '@types/react-dom@18.3.1':
    dependencies:
      '@types/react': 18.3.12

  '@types/react@18.3.12':
    dependencies:
      '@types/prop-types': 15.7.13
      csstype: 3.1.3

  caniuse-lite@1.0.30001677: {}

  core-js@3.38.1: {}

  csstype@3.1.3: {}

  debug@4.3.7:
    dependencies:
      ms: 2.1.3

  dotenv-expand@11.0.6:
    dependencies:
      dotenv: 16.4.5

  dotenv@16.4.5: {}

  dprint@0.47.4:
    optionalDependencies:
      '@dprint/darwin-arm64': 0.47.4
      '@dprint/darwin-x64': 0.47.4
      '@dprint/linux-arm64-glibc': 0.47.4
      '@dprint/linux-arm64-musl': 0.47.4
      '@dprint/linux-x64-glibc': 0.47.4
      '@dprint/linux-x64-musl': 0.47.4
      '@dprint/win32-arm64': 0.47.4
      '@dprint/win32-x64': 0.47.4

  error-stack-parser@2.1.4:
    dependencies:
      stackframe: 1.3.4

  fsevents@2.3.3:
    optional: true

  hono@4.6.3: {}

  html-entities@2.5.2: {}

  js-tokens@4.0.0: {}

  loose-envify@1.4.0:
    dependencies:
      js-tokens: 4.0.0

  ms@2.1.3: {}

  react-dom@18.3.1(react@18.3.1):
    dependencies:
      loose-envify: 1.4.0
      react: 18.3.1
      scheduler: 0.23.2

  react-refresh@0.14.2: {}

  react@18.3.1:
    dependencies:
      loose-envify: 1.4.0

  scheduler@0.23.2:
    dependencies:
      loose-envify: 1.4.0

  simple-git@3.27.0:
    dependencies:
      '@kwsites/file-exists': 1.1.1
      '@kwsites/promise-deferred': 1.1.1
      debug: 4.3.7
    transitivePeerDependencies:
      - supports-color

  stackframe@1.3.4: {}

  tslib@2.8.1: {}

  typescript@5.6.3: {}

  undici-types@6.19.8: {}

  zod@3.23.8: {}
